// !$*UTF8*$!
{
	archiveVersion = 1;
	classes = {
	};
	objectVersion = 56;
	objects = {

/* Begin PBXBuildFile section */
		1466DAAD2A6369C0009F20DE /* SharedQueue.swift in Sources */ = {isa = PBXBuildFile; fileRef = 1466DAAC2A6369C0009F20DE /* SharedQueue.swift */; };
		1466DAB02A6369FF009F20DE /* TimeLocation.swift in Sources */ = {isa = PBXBuildFile; fileRef = 1466DAAF2A6369FF009F20DE /* TimeLocation.swift */; };
		149D894F2A64AA9F00765107 /* DataManager.swift in Sources */ = {isa = PBXBuildFile; fileRef = 149D894E2A64AA9F00765107 /* DataManager.swift */; };
		14C80A8D2A61E73300847523 /* GoogleMapsHelper.swift in Sources */ = {isa = PBXBuildFile; fileRef = 14C80A8C2A61E73300847523 /* GoogleMapsHelper.swift */; };
		14DDD0312A61E26F0087A906 /* AppDelegate.swift in Sources */ = {isa = PBXBuildFile; fileRef = 14DDD0302A61E26F0087A906 /* AppDelegate.swift */; };
		14DDD0332A61E26F0087A906 /* SceneDelegate.swift in Sources */ = {isa = PBXBuildFile; fileRef = 14DDD0322A61E26F0087A906 /* SceneDelegate.swift */; };
		14DDD0352A61E26F0087A906 /* ViewController.swift in Sources */ = {isa = PBXBuildFile; fileRef = 14DDD0342A61E26F0087A906 /* ViewController.swift */; };
		14DDD0382A61E26F0087A906 /* Main.storyboard in Resources */ = {isa = PBXBuildFile; fileRef = 14DDD0362A61E26F0087A906 /* Main.storyboard */; };
		14DDD03A2A61E2700087A906 /* Assets.xcassets in Resources */ = {isa = PBXBuildFile; fileRef = 14DDD0392A61E2700087A906 /* Assets.xcassets */; };
		14DDD03D2A61E2700087A906 /* LaunchScreen.storyboard in Resources */ = {isa = PBXBuildFile; fileRef = 14DDD03B2A61E2700087A906 /* LaunchScreen.storyboard */; };
		CF9AFFFBFE01CEBBDC888F29 /* Pods_poc_googlemaps.framework in Frameworks */ = {isa = PBXBuildFile; fileRef = C2F8CB8BD7CCB7FA59098935 /* Pods_poc_googlemaps.framework */; };
/* End PBXBuildFile section */

/* Begin PBXFileReference section */
		1466DAAC2A6369C0009F20DE /* SharedQueue.swift */ = {isa = PBXFileReference; lastKnownFileType = sourcecode.swift; path = SharedQueue.swift; sourceTree = "<group>"; };
		1466DAAF2A6369FF009F20DE /* TimeLocation.swift */ = {isa = PBXFileReference; lastKnownFileType = sourcecode.swift; path = TimeLocation.swift; sourceTree = "<group>"; };
		149D894E2A64AA9F00765107 /* DataManager.swift */ = {isa = PBXFileReference; lastKnownFileType = sourcecode.swift; path = DataManager.swift; sourceTree = "<group>"; };
		14C80A8C2A61E73300847523 /* GoogleMapsHelper.swift */ = {isa = PBXFileReference; fileEncoding = 4; lastKnownFileType = sourcecode.swift; path = GoogleMapsHelper.swift; sourceTree = "<group>"; };
		14C80A8E2A61E98D00847523 /* Info.plist */ = {isa = PBXFileReference; fileEncoding = 4; lastKnownFileType = text.plist.xml; path = Info.plist; sourceTree = "<group>"; };
		14DDD02D2A61E26F0087A906 /* poc-googlemaps.app */ = {isa = PBXFileReference; explicitFileType = wrapper.application; includeInIndex = 0; path = "poc-googlemaps.app"; sourceTree = BUILT_PRODUCTS_DIR; };
		14DDD0302A61E26F0087A906 /* AppDelegate.swift */ = {isa = PBXFileReference; lastKnownFileType = sourcecode.swift; path = AppDelegate.swift; sourceTree = "<group>"; };
		14DDD0322A61E26F0087A906 /* SceneDelegate.swift */ = {isa = PBXFileReference; lastKnownFileType = sourcecode.swift; path = SceneDelegate.swift; sourceTree = "<group>"; };
		14DDD0342A61E26F0087A906 /* ViewController.swift */ = {isa = PBXFileReference; lastKnownFileType = sourcecode.swift; path = ViewController.swift; sourceTree = "<group>"; };
		14DDD0372A61E26F0087A906 /* Base */ = {isa = PBXFileReference; lastKnownFileType = file.storyboard; name = Base; path = Base.lproj/Main.storyboard; sourceTree = "<group>"; };
		14DDD0392A61E2700087A906 /* Assets.xcassets */ = {isa = PBXFileReference; lastKnownFileType = folder.assetcatalog; path = Assets.xcassets; sourceTree = "<group>"; };
		14DDD03C2A61E2700087A906 /* Base */ = {isa = PBXFileReference; lastKnownFileType = file.storyboard; name = Base; path = Base.lproj/LaunchScreen.storyboard; sourceTree = "<group>"; };
		B82AA950EC5101BE95F70B88 /* Pods-poc-googlemaps.debug.xcconfig */ = {isa = PBXFileReference; includeInIndex = 1; lastKnownFileType = text.xcconfig; name = "Pods-poc-googlemaps.debug.xcconfig"; path = "Target Support Files/Pods-poc-googlemaps/Pods-poc-googlemaps.debug.xcconfig"; sourceTree = "<group>"; };
		C2F8CB8BD7CCB7FA59098935 /* Pods_poc_googlemaps.framework */ = {isa = PBXFileReference; explicitFileType = wrapper.framework; includeInIndex = 0; path = Pods_poc_googlemaps.framework; sourceTree = BUILT_PRODUCTS_DIR; };
		E1E31F7E6A3C70340501F4BC /* Pods-poc-googlemaps.release.xcconfig */ = {isa = PBXFileReference; includeInIndex = 1; lastKnownFileType = text.xcconfig; name = "Pods-poc-googlemaps.release.xcconfig"; path = "Target Support Files/Pods-poc-googlemaps/Pods-poc-googlemaps.release.xcconfig"; sourceTree = "<group>"; };
/* End PBXFileReference section */

/* Begin PBXFrameworksBuildPhase section */
		14DDD02A2A61E26F0087A906 /* Frameworks */ = {
			isa = PBXFrameworksBuildPhase;
			buildActionMask = 2147483647;
			files = (
				CF9AFFFBFE01CEBBDC888F29 /* Pods_poc_googlemaps.framework in Frameworks */,
			);
			runOnlyForDeploymentPostprocessing = 0;
		};
/* End PBXFrameworksBuildPhase section */

/* Begin PBXGroup section */
		1466DAAE2A6369EB009F20DE /* Model */ = {
			isa = PBXGroup;
			children = (
				1466DAAF2A6369FF009F20DE /* TimeLocation.swift */,
			);
			path = Model;
			sourceTree = "<group>";
		};
		14C80A892A61E6EE00847523 /* ViewController */ = {
			isa = PBXGroup;
			children = (
			);
			path = ViewController;
			sourceTree = "<group>";
		};
		14C80A8A2A61E70200847523 /* Presenter */ = {
			isa = PBXGroup;
			children = (
			);
			path = Presenter;
			sourceTree = "<group>";
		};
		14C80A8B2A61E71D00847523 /* Helper */ = {
			isa = PBXGroup;
			children = (
				14C80A8C2A61E73300847523 /* GoogleMapsHelper.swift */,
				1466DAAC2A6369C0009F20DE /* SharedQueue.swift */,
				149D894E2A64AA9F00765107 /* DataManager.swift */,
			);
			path = Helper;
			sourceTree = "<group>";
		};
		14DDD0242A61E26F0087A906 = {
			isa = PBXGroup;
			children = (
				14DDD02F2A61E26F0087A906 /* poc-googlemaps */,
				14DDD02E2A61E26F0087A906 /* Products */,
				3D29FEAC6ED925899F2E81E4 /* Pods */,
				FA73EE44E94484B252371E58 /* Frameworks */,
			);
			sourceTree = "<group>";
		};
		14DDD02E2A61E26F0087A906 /* Products */ = {
			isa = PBXGroup;
			children = (
				14DDD02D2A61E26F0087A906 /* poc-googlemaps.app */,
			);
			name = Products;
			sourceTree = "<group>";
		};
		14DDD02F2A61E26F0087A906 /* poc-googlemaps */ = {
			isa = PBXGroup;
			children = (
				1466DAAE2A6369EB009F20DE /* Model */,
				14C80A8B2A61E71D00847523 /* Helper */,
				14C80A8A2A61E70200847523 /* Presenter */,
				14C80A892A61E6EE00847523 /* ViewController */,
				14DDD0302A61E26F0087A906 /* AppDelegate.swift */,
				14DDD0322A61E26F0087A906 /* SceneDelegate.swift */,
				14DDD0342A61E26F0087A906 /* ViewController.swift */,
				14DDD0362A61E26F0087A906 /* Main.storyboard */,
				14DDD0392A61E2700087A906 /* Assets.xcassets */,
				14DDD03B2A61E2700087A906 /* LaunchScreen.storyboard */,
				14C80A8E2A61E98D00847523 /* Info.plist */,
			);
			path = "poc-googlemaps";
			sourceTree = "<group>";
		};
		3D29FEAC6ED925899F2E81E4 /* Pods */ = {
			isa = PBXGroup;
			children = (
				B82AA950EC5101BE95F70B88 /* Pods-poc-googlemaps.debug.xcconfig */,
				E1E31F7E6A3C70340501F4BC /* Pods-poc-googlemaps.release.xcconfig */,
			);
			path = Pods;
			sourceTree = "<group>";
		};
		FA73EE44E94484B252371E58 /* Frameworks */ = {
			isa = PBXGroup;
			children = (
				C2F8CB8BD7CCB7FA59098935 /* Pods_poc_googlemaps.framework */,
			);
			name = Frameworks;
			sourceTree = "<group>";
		};
/* End PBXGroup section */

/* Begin PBXNativeTarget section */
		14DDD02C2A61E26F0087A906 /* poc-googlemaps */ = {
			isa = PBXNativeTarget;
			buildConfigurationList = 14DDD0412A61E2700087A906 /* Build configuration list for PBXNativeTarget "poc-googlemaps" */;
			buildPhases = (
				611D7BDB674C311BAC450EFD /* [CP] Check Pods Manifest.lock */,
				14DDD0292A61E26F0087A906 /* Sources */,
				14DDD02A2A61E26F0087A906 /* Frameworks */,
				14DDD02B2A61E26F0087A906 /* Resources */,
				4CCD4E3430A29EED4E3961B4 /* [CP] Copy Pods Resources */,
				82AA8582319CF59880D10C59 /* [CP] Embed Pods Frameworks */,
			);
			buildRules = (
			);
			dependencies = (
			);
			name = "poc-googlemaps";
			productName = "poc-googlemaps";
			productReference = 14DDD02D2A61E26F0087A906 /* poc-googlemaps.app */;
			productType = "com.apple.product-type.application";
		};
/* End PBXNativeTarget section */

/* Begin PBXProject section */
		14DDD0252A61E26F0087A906 /* Project object */ = {
			isa = PBXProject;
			attributes = {
				BuildIndependentTargetsInParallel = 1;
				LastSwiftUpdateCheck = 1430;
				LastUpgradeCheck = 1430;
				TargetAttributes = {
					14DDD02C2A61E26F0087A906 = {
						CreatedOnToolsVersion = 14.3.1;
					};
				};
			};
			buildConfigurationList = 14DDD0282A61E26F0087A906 /* Build configuration list for PBXProject "poc-googlemaps" */;
			compatibilityVersion = "Xcode 14.0";
			developmentRegion = en;
			hasScannedForEncodings = 0;
			knownRegions = (
				en,
				Base,
			);
			mainGroup = 14DDD0242A61E26F0087A906;
			productRefGroup = 14DDD02E2A61E26F0087A906 /* Products */;
			projectDirPath = "";
			projectRoot = "";
			targets = (
				14DDD02C2A61E26F0087A906 /* poc-googlemaps */,
			);
		};
/* End PBXProject section */

/* Begin PBXResourcesBuildPhase section */
		14DDD02B2A61E26F0087A906 /* Resources */ = {
			isa = PBXResourcesBuildPhase;
			buildActionMask = 2147483647;
			files = (
				14DDD03D2A61E2700087A906 /* LaunchScreen.storyboard in Resources */,
				14DDD03A2A61E2700087A906 /* Assets.xcassets in Resources */,
				14DDD0382A61E26F0087A906 /* Main.storyboard in Resources */,
			);
			runOnlyForDeploymentPostprocessing = 0;
		};
/* End PBXResourcesBuildPhase section */

/* Begin PBXShellScriptBuildPhase section */
		4CCD4E3430A29EED4E3961B4 /* [CP] Copy Pods Resources */ = {
			isa = PBXShellScriptBuildPhase;
			buildActionMask = 2147483647;
			files = (
			);
			inputFileListPaths = (
				"${PODS_ROOT}/Target Support Files/Pods-poc-googlemaps/Pods-poc-googlemaps-resources-${CONFIGURATION}-input-files.xcfilelist",
			);
			name = "[CP] Copy Pods Resources";
			outputFileListPaths = (
				"${PODS_ROOT}/Target Support Files/Pods-poc-googlemaps/Pods-poc-googlemaps-resources-${CONFIGURATION}-output-files.xcfilelist",
			);
			runOnlyForDeploymentPostprocessing = 0;
			shellPath = /bin/sh;
			shellScript = "\"${PODS_ROOT}/Target Support Files/Pods-poc-googlemaps/Pods-poc-googlemaps-resources.sh\"\n";
			showEnvVarsInLog = 0;
		};
		611D7BDB674C311BAC450EFD /* [CP] Check Pods Manifest.lock */ = {
			isa = PBXShellScriptBuildPhase;
			buildActionMask = 2147483647;
			files = (
			);
			inputFileListPaths = (
			);
			inputPaths = (
				"${PODS_PODFILE_DIR_PATH}/Podfile.lock",
				"${PODS_ROOT}/Manifest.lock",
			);
			name = "[CP] Check Pods Manifest.lock";
			outputFileListPaths = (
			);
			outputPaths = (
				"$(DERIVED_FILE_DIR)/Pods-poc-googlemaps-checkManifestLockResult.txt",
			);
			runOnlyForDeploymentPostprocessing = 0;
			shellPath = /bin/sh;
			shellScript = "diff \"${PODS_PODFILE_DIR_PATH}/Podfile.lock\" \"${PODS_ROOT}/Manifest.lock\" > /dev/null\nif [ $? != 0 ] ; then\n    # print error to STDERR\n    echo \"error: The sandbox is not in sync with the Podfile.lock. Run 'pod install' or update your CocoaPods installation.\" >&2\n    exit 1\nfi\n# This output is used by Xcode 'outputs' to avoid re-running this script phase.\necho \"SUCCESS\" > \"${SCRIPT_OUTPUT_FILE_0}\"\n";
			showEnvVarsInLog = 0;
		};
		82AA8582319CF59880D10C59 /* [CP] Embed Pods Frameworks */ = {
			isa = PBXShellScriptBuildPhase;
			buildActionMask = 2147483647;
			files = (
			);
			inputFileListPaths = (
				"${PODS_ROOT}/Target Support Files/Pods-poc-googlemaps/Pods-poc-googlemaps-frameworks-${CONFIGURATION}-input-files.xcfilelist",
			);
			name = "[CP] Embed Pods Frameworks";
			outputFileListPaths = (
				"${PODS_ROOT}/Target Support Files/Pods-poc-googlemaps/Pods-poc-googlemaps-frameworks-${CONFIGURATION}-output-files.xcfilelist",
			);
			runOnlyForDeploymentPostprocessing = 0;
			shellPath = /bin/sh;
			shellScript = "\"${PODS_ROOT}/Target Support Files/Pods-poc-googlemaps/Pods-poc-googlemaps-frameworks.sh\"\n";
			showEnvVarsInLog = 0;
		};
/* End PBXShellScriptBuildPhase section */

/* Begin PBXSourcesBuildPhase section */
		14DDD0292A61E26F0087A906 /* Sources */ = {
			isa = PBXSourcesBuildPhase;
			buildActionMask = 2147483647;
			files = (
				1466DAAD2A6369C0009F20DE /* SharedQueue.swift in Sources */,
				14DDD0352A61E26F0087A906 /* ViewController.swift in Sources */,
				14DDD0312A61E26F0087A906 /* AppDelegate.swift in Sources */,
				149D894F2A64AA9F00765107 /* DataManager.swift in Sources */,
				14DDD0332A61E26F0087A906 /* SceneDelegate.swift in Sources */,
				14C80A8D2A61E73300847523 /* GoogleMapsHelper.swift in Sources */,
				1466DAB02A6369FF009F20DE /* TimeLocation.swift in Sources */,
			);
			runOnlyForDeploymentPostprocessing = 0;
		};
/* End PBXSourcesBuildPhase section */

/* Begin PBXVariantGroup section */
		14DDD0362A61E26F0087A906 /* Main.storyboard */ = {
			isa = PBXVariantGroup;
			children = (
				14DDD0372A61E26F0087A906 /* Base */,
			);
			name = Main.storyboard;
			sourceTree = "<group>";
		};
		14DDD03B2A61E2700087A906 /* LaunchScreen.storyboard */ = {
			isa = PBXVariantGroup;
			children = (
				14DDD03C2A61E2700087A906 /* Base */,
			);
			name = LaunchScreen.storyboard;
			sourceTree = "<group>";
		};
/* End PBXVariantGroup section */

/* Begin XCBuildConfiguration section */
		14DDD03F2A61E2700087A906 /* Debug */ = {
			isa = XCBuildConfiguration;
			buildSettings = {
				ALWAYS_SEARCH_USER_PATHS = NO;
				CLANG_ANALYZER_NONNULL = YES;
				CLANG_ANALYZER_NUMBER_OBJECT_CONVERSION = YES_AGGRESSIVE;
				CLANG_CXX_LANGUAGE_STANDARD = "gnu++20";
				CLANG_ENABLE_MODULES = YES;
				CLANG_ENABLE_OBJC_ARC = YES;
				CLANG_ENABLE_OBJC_WEAK = YES;
				CLANG_WARN_BLOCK_CAPTURE_AUTORELEASING = YES;
				CLANG_WARN_BOOL_CONVERSION = YES;
				CLANG_WARN_COMMA = YES;
				CLANG_WARN_CONSTANT_CONVERSION = YES;
				CLANG_WARN_DEPRECATED_OBJC_IMPLEMENTATIONS = YES;
				CLANG_WARN_DIRECT_OBJC_ISA_USAGE = YES_ERROR;
				CLANG_WARN_DOCUMENTATION_COMMENTS = YES;
				CLANG_WARN_EMPTY_BODY = YES;
				CLANG_WARN_ENUM_CONVERSION = YES;
				CLANG_WARN_INFINITE_RECURSION = YES;
				CLANG_WARN_INT_CONVERSION = YES;
				CLANG_WARN_NON_LITERAL_NULL_CONVERSION = YES;
				CLANG_WARN_OBJC_IMPLICIT_RETAIN_SELF = YES;
				CLANG_WARN_OBJC_LITERAL_CONVERSION = YES;
				CLANG_WARN_OBJC_ROOT_CLASS = YES_ERROR;
				CLANG_WARN_QUOTED_INCLUDE_IN_FRAMEWORK_HEADER = YES;
				CLANG_WARN_RANGE_LOOP_ANALYSIS = YES;
				CLANG_WARN_STRICT_PROTOTYPES = YES;
				CLANG_WARN_SUSPICIOUS_MOVE = YES;
				CLANG_WARN_UNGUARDED_AVAILABILITY = YES_AGGRESSIVE;
				CLANG_WARN_UNREACHABLE_CODE = YES;
				CLANG_WARN__DUPLICATE_METHOD_MATCH = YES;
				COPY_PHASE_STRIP = NO;
				DEBUG_INFORMATION_FORMAT = dwarf;
				ENABLE_STRICT_OBJC_MSGSEND = YES;
				ENABLE_TESTABILITY = YES;
				GCC_C_LANGUAGE_STANDARD = gnu11;
				GCC_DYNAMIC_NO_PIC = NO;
				GCC_NO_COMMON_BLOCKS = YES;
				GCC_OPTIMIZATION_LEVEL = 0;
				GCC_PREPROCESSOR_DEFINITIONS = (
					"DEBUG=1",
					"$(inherited)",
				);
				GCC_WARN_64_TO_32_BIT_CONVERSION = YES;
				GCC_WARN_ABOUT_RETURN_TYPE = YES_ERROR;
				GCC_WARN_UNDECLARED_SELECTOR = YES;
				GCC_WARN_UNINITIALIZED_AUTOS = YES_AGGRESSIVE;
				GCC_WARN_UNUSED_FUNCTION = YES;
				GCC_WARN_UNUSED_VARIABLE = YES;
				IPHONEOS_DEPLOYMENT_TARGET = 16.4;
				MTL_ENABLE_DEBUG_INFO = INCLUDE_SOURCE;
				MTL_FAST_MATH = YES;
				ONLY_ACTIVE_ARCH = YES;
				SDKROOT = iphoneos;
				SWIFT_ACTIVE_COMPILATION_CONDITIONS = DEBUG;
				SWIFT_OPTIMIZATION_LEVEL = "-Onone";
			};
			name = Debug;
		};
		14DDD0402A61E2700087A906 /* Release */ = {
			isa = XCBuildConfiguration;
			buildSettings = {
				ALWAYS_SEARCH_USER_PATHS = NO;
				CLANG_ANALYZER_NONNULL = YES;
				CLANG_ANALYZER_NUMBER_OBJECT_CONVERSION = YES_AGGRESSIVE;
				CLANG_CXX_LANGUAGE_STANDARD = "gnu++20";
				CLANG_ENABLE_MODULES = YES;
				CLANG_ENABLE_OBJC_ARC = YES;
				CLANG_ENABLE_OBJC_WEAK = YES;
				CLANG_WARN_BLOCK_CAPTURE_AUTORELEASING = YES;
				CLANG_WARN_BOOL_CONVERSION = YES;
				CLANG_WARN_COMMA = YES;
				CLANG_WARN_CONSTANT_CONVERSION = YES;
				CLANG_WARN_DEPRECATED_OBJC_IMPLEMENTATIONS = YES;
				CLANG_WARN_DIRECT_OBJC_ISA_USAGE = YES_ERROR;
				CLANG_WARN_DOCUMENTATION_COMMENTS = YES;
				CLANG_WARN_EMPTY_BODY = YES;
				CLANG_WARN_ENUM_CONVERSION = YES;
				CLANG_WARN_INFINITE_RECURSION = YES;
				CLANG_WARN_INT_CONVERSION = YES;
				CLANG_WARN_NON_LITERAL_NULL_CONVERSION = YES;
				CLANG_WARN_OBJC_IMPLICIT_RETAIN_SELF = YES;
				CLANG_WARN_OBJC_LITERAL_CONVERSION = YES;
				CLANG_WARN_OBJC_ROOT_CLASS = YES_ERROR;
				CLANG_WARN_QUOTED_INCLUDE_IN_FRAMEWORK_HEADER = YES;
				CLANG_WARN_RANGE_LOOP_ANALYSIS = YES;
				CLANG_WARN_STRICT_PROTOTYPES = YES;
				CLANG_WARN_SUSPICIOUS_MOVE = YES;
				CLANG_WARN_UNGUARDED_AVAILABILITY = YES_AGGRESSIVE;
				CLANG_WARN_UNREACHABLE_CODE = YES;
				CLANG_WARN__DUPLICATE_METHOD_MATCH = YES;
				COPY_PHASE_STRIP = NO;
				DEBUG_INFORMATION_FORMAT = "dwarf-with-dsym";
				ENABLE_NS_ASSERTIONS = NO;
				ENABLE_STRICT_OBJC_MSGSEND = YES;
				GCC_C_LANGUAGE_STANDARD = gnu11;
				GCC_NO_COMMON_BLOCKS = YES;
				GCC_WARN_64_TO_32_BIT_CONVERSION = YES;
				GCC_WARN_ABOUT_RETURN_TYPE = YES_ERROR;
				GCC_WARN_UNDECLARED_SELECTOR = YES;
				GCC_WARN_UNINITIALIZED_AUTOS = YES_AGGRESSIVE;
				GCC_WARN_UNUSED_FUNCTION = YES;
				GCC_WARN_UNUSED_VARIABLE = YES;
				IPHONEOS_DEPLOYMENT_TARGET = 16.4;
				MTL_ENABLE_DEBUG_INFO = NO;
				MTL_FAST_MATH = YES;
				SDKROOT = iphoneos;
				SWIFT_COMPILATION_MODE = wholemodule;
				SWIFT_OPTIMIZATION_LEVEL = "-O";
				VALIDATE_PRODUCT = YES;
			};
			name = Release;
		};
		14DDD0422A61E2700087A906 /* Debug */ = {
			isa = XCBuildConfiguration;
			baseConfigurationReference = B82AA950EC5101BE95F70B88 /* Pods-poc-googlemaps.debug.xcconfig */;
			buildSettings = {
				ASSETCATALOG_COMPILER_APPICON_NAME = AppIcon;
				ASSETCATALOG_COMPILER_GLOBAL_ACCENT_COLOR_NAME = AccentColor;
				CODE_SIGN_STYLE = Automatic;
				CURRENT_PROJECT_VERSION = 1;
				DEVELOPMENT_TEAM = W8L47TG474;
				GENERATE_INFOPLIST_FILE = YES;
				INFOPLIST_FILE = "poc-googlemaps/Info.plist";
				INFOPLIST_KEY_NSLocationAlwaysAndWhenInUseUsageDescription = "\"Show map\"";
				INFOPLIST_KEY_NSLocationWhenInUseUsageDescription = "\"Show map\"";
				INFOPLIST_KEY_UIApplicationSupportsIndirectInputEvents = YES;
				INFOPLIST_KEY_UILaunchStoryboardName = LaunchScreen;
				INFOPLIST_KEY_UIMainStoryboardFile = Main;
				INFOPLIST_KEY_UIRequiredDeviceCapabilities = armv7;
				INFOPLIST_KEY_UISupportedInterfaceOrientations = "UIInterfaceOrientationPortrait UIInterfaceOrientationLandscapeLeft UIInterfaceOrientationLandscapeRight";
				INFOPLIST_KEY_UISupportedInterfaceOrientations_iPad = "UIInterfaceOrientationPortrait UIInterfaceOrientationPortraitUpsideDown UIInterfaceOrientationLandscapeLeft UIInterfaceOrientationLandscapeRight";
				INFOPLIST_KEY_UISupportedInterfaceOrientations_iPhone = "UIInterfaceOrientationPortrait UIInterfaceOrientationLandscapeLeft UIInterfaceOrientationLandscapeRight";
				LD_RUNPATH_SEARCH_PATHS = (
					"$(inherited)",
					"@executable_path/Frameworks",
				);
				MARKETING_VERSION = 1.0;
				PRODUCT_BUNDLE_IDENTIFIER = "br.com.systemsat.poc-googlemaps";
				PRODUCT_NAME = "$(TARGET_NAME)";
				SWIFT_EMIT_LOC_STRINGS = YES;
				SWIFT_VERSION = 5.0;
				TARGETED_DEVICE_FAMILY = "1,2";
			};
			name = Debug;
		};
		14DDD0432A61E2700087A906 /* Release */ = {
			isa = XCBuildConfiguration;
			baseConfigurationReference = E1E31F7E6A3C70340501F4BC /* Pods-poc-googlemaps.release.xcconfig */;
			buildSettings = {
				ASSETCATALOG_COMPILER_APPICON_NAME = AppIcon;
				ASSETCATALOG_COMPILER_GLOBAL_ACCENT_COLOR_NAME = AccentColor;
				CODE_SIGN_STYLE = Automatic;
				CURRENT_PROJECT_VERSION = 1;
				DEVELOPMENT_TEAM = W8L47TG474;
				GENERATE_INFOPLIST_FILE = YES;
				INFOPLIST_FILE = "poc-googlemaps/Info.plist";
				INFOPLIST_KEY_NSLocationAlwaysAndWhenInUseUsageDescription = "\"Show map\"";
				INFOPLIST_KEY_NSLocationWhenInUseUsageDescription = "\"Show map\"";
				INFOPLIST_KEY_UIApplicationSupportsIndirectInputEvents = YES;
				INFOPLIST_KEY_UILaunchStoryboardName = LaunchScreen;
				INFOPLIST_KEY_UIMainStoryboardFile = Main;
				INFOPLIST_KEY_UIRequiredDeviceCapabilities = armv7;
				INFOPLIST_KEY_UISupportedInterfaceOrientations = "UIInterfaceOrientationPortrait UIInterfaceOrientationLandscapeLeft UIInterfaceOrientationLandscapeRight";
				INFOPLIST_KEY_UISupportedInterfaceOrientations_iPad = "UIInterfaceOrientationPortrait UIInterfaceOrientationPortraitUpsideDown UIInterfaceOrientationLandscapeLeft UIInterfaceOrientationLandscapeRight";
				INFOPLIST_KEY_UISupportedInterfaceOrientations_iPhone = "UIInterfaceOrientationPortrait UIInterfaceOrientationLandscapeLeft UIInterfaceOrientationLandscapeRight";
				LD_RUNPATH_SEARCH_PATHS = (
					"$(inherited)",
					"@executable_path/Frameworks",
				);
				MARKETING_VERSION = 1.0;
				PRODUCT_BUNDLE_IDENTIFIER = "br.com.systemsat.poc-googlemaps";
				PRODUCT_NAME = "$(TARGET_NAME)";
				SWIFT_EMIT_LOC_STRINGS = YES;
				SWIFT_VERSION = 5.0;
				TARGETED_DEVICE_FAMILY = "1,2";
			};
			name = Release;
		};
/* End XCBuildConfiguration section */

/* Begin XCConfigurationList section */
		14DDD0282A61E26F0087A906 /* Build configuration list for PBXProject "poc-googlemaps" */ = {
			isa = XCConfigurationList;
			buildConfigurations = (
				14DDD03F2A61E2700087A906 /* Debug */,
				14DDD0402A61E2700087A906 /* Release */,
			);
			defaultConfigurationIsVisible = 0;
			defaultConfigurationName = Release;
		};
		14DDD0412A61E2700087A906 /* Build configuration list for PBXNativeTarget "poc-googlemaps" */ = {
			isa = XCConfigurationList;
			buildConfigurations = (
				14DDD0422A61E2700087A906 /* Debug */,
				14DDD0432A61E2700087A906 /* Release */,
			);
			defaultConfigurationIsVisible = 0;
			defaultConfigurationName = Release;
		};
/* End XCConfigurationList section */
	};
	rootObject = 14DDD0252A61E26F0087A906 /* Project object */;
}
